{
  "requires": true,
  "lockfileVersion": 1,
  "dependencies": {
    "@angular/animations": {
      "version": "9.1.1",
      "resolved": "https://registry.npmjs.org/@angular/animations/-/animations-9.1.1.tgz",
      "integrity": "sha512-IvKv8sV0ymbzDEX2ZLW+F6nOTQqDYallHexuzRVT9txvNE8TNHyySvLcyC5dTmX9fj9LA72NZ6nFyhxq0LFvtQ=="
    },
    "ngx-toastr": {
      "version": "12.0.1",
      "resolved": "https://registry.npmjs.org/ngx-toastr/-/ngx-toastr-12.0.1.tgz",
      "integrity": "sha512-PABtbn2dyHweVSbo/py1W3veXzcmZO7uVItfTW9AykSSeAUju3gOCgauAw89km0aJ9EBcPOieaoI+9tAR7Pfug=="
    }
  }
}
